// !$*UTF8*$!
{
	archiveVersion = 1;
	classes = {
	};
	objectVersion = 50;
	objects = {

/* Begin PBXBuildFile section */
		90C67D2D211C6B91006A198F /* AppDelegate.swift in Sources */ = {isa = PBXBuildFile; fileRef = 90C67D2C211C6B91006A198F /* AppDelegate.swift */; };
		90C67D32211C6B91006A198F /* Main.storyboard in Resources */ = {isa = PBXBuildFile; fileRef = 90C67D30211C6B91006A198F /* Main.storyboard */; };
		90C67D34211C6B93006A198F /* Assets.xcassets in Resources */ = {isa = PBXBuildFile; fileRef = 90C67D33211C6B93006A198F /* Assets.xcassets */; };
		90C67D37211C6B93006A198F /* LaunchScreen.storyboard in Resources */ = {isa = PBXBuildFile; fileRef = 90C67D35211C6B93006A198F /* LaunchScreen.storyboard */; };
		90C67D3F211C6BC7006A198F /* Textdetect_VC.swift in Sources */ = {isa = PBXBuildFile; fileRef = 90C67D3E211C6BC7006A198F /* Textdetect_VC.swift */; };
		90C67D41211C6C3D006A198F /* PreviewView.swift in Sources */ = {isa = PBXBuildFile; fileRef = 90C67D40211C6C3D006A198F /* PreviewView.swift */; };
/* End PBXBuildFile section */

/* Begin PBXFileReference section */
		90C67D29211C6B91006A198F /* TextDetection.app */ = {isa = PBXFileReference; explicitFileType = wrapper.application; includeInIndex = 0; path = TextDetection.app; sourceTree = BUILT_PRODUCTS_DIR; };
		90C67D2C211C6B91006A198F /* AppDelegate.swift */ = {isa = PBXFileReference; lastKnownFileType = sourcecode.swift; path = AppDelegate.swift; sourceTree = "<group>"; };
		90C67D31211C6B91006A198F /* Base */ = {isa = PBXFileReference; lastKnownFileType = file.storyboard; name = Base; path = Base.lproj/Main.storyboard; sourceTree = "<group>"; };
		90C67D33211C6B93006A198F /* Assets.xcassets */ = {isa = PBXFileReference; lastKnownFileType = folder.assetcatalog; path = Assets.xcassets; sourceTree = "<group>"; };
		90C67D36211C6B93006A198F /* Base */ = {isa = PBXFileReference; lastKnownFileType = file.storyboard; name = Base; path = Base.lproj/LaunchScreen.storyboard; sourceTree = "<group>"; };
		90C67D38211C6B93006A198F /* Info.plist */ = {isa = PBXFileReference; lastKnownFileType = text.plist.xml; path = Info.plist; sourceTree = "<group>"; };
		90C67D3E211C6BC7006A198F /* Textdetect_VC.swift */ = {isa = PBXFileReference; lastKnownFileType = sourcecode.swift; path = Textdetect_VC.swift; sourceTree = "<group>"; };
		90C67D40211C6C3D006A198F /* PreviewView.swift */ = {isa = PBXFileReference; fileEncoding = 4; lastKnownFileType = sourcecode.swift; path = PreviewView.swift; sourceTree = "<group>"; };
/* End PBXFileReference section */

/* Begin PBXFrameworksBuildPhase section */
		90C67D26211C6B91006A198F /* Frameworks */ = {
			isa = PBXFrameworksBuildPhase;
			buildActionMask = 2147483647;
			files = (
			);
			runOnlyForDeploymentPostprocessing = 0;
		};
/* End PBXFrameworksBuildPhase section */

/* Begin PBXGroup section */
		90C67D20211C6B91006A198F = {
			isa = PBXGroup;
			children = (
				90C67D2B211C6B91006A198F /* TextDetection */,
				90C67D2A211C6B91006A198F /* Products */,
			);
			sourceTree = "<group>";
		};
		90C67D2A211C6B91006A198F /* Products */ = {
			isa = PBXGroup;
			children = (
				90C67D29211C6B91006A198F /* TextDetection.app */,
			);
			name = Products;
			sourceTree = "<group>";
		};
		90C67D2B211C6B91006A198F /* TextDetection */ = {
			isa = PBXGroup;
			children = (
				90C67D2C211C6B91006A198F /* AppDelegate.swift */,
				90C67D3E211C6BC7006A198F /* Textdetect_VC.swift */,
				90C67D30211C6B91006A198F /* Main.storyboard */,
				90C67D33211C6B93006A198F /* Assets.xcassets */,
				90C67D35211C6B93006A198F /* LaunchScreen.storyboard */,
				90C67D38211C6B93006A198F /* Info.plist */,
				90C67D40211C6C3D006A198F /* PreviewView.swift */,
			);
			path = TextDetection;
			sourceTree = "<group>";
		};
/* End PBXGroup section */

/* Begin PBXNativeTarget section */
		90C67D28211C6B91006A198F /* TextDetection */ = {
			isa = PBXNativeTarget;
			buildConfigurationList = 90C67D3B211C6B93006A198F /* Build configuration list for PBXNativeTarget "TextDetection" */;
			buildPhases = (
				90C67D25211C6B91006A198F /* Sources */,
				90C67D26211C6B91006A198F /* Frameworks */,
				90C67D27211C6B91006A198F /* Resources */,
			);
			buildRules = (
			);
			dependencies = (
			);
			name = TextDetection;
			productName = TextDetection;
			productReference = 90C67D29211C6B91006A198F /* TextDetection.app */;
			productType = "com.apple.product-type.application";
		};
/* End PBXNativeTarget section */

/* Begin PBXProject section */
		90C67D21211C6B91006A198F /* Project object */ = {
			isa = PBXProject;
			attributes = {
				LastSwiftUpdateCheck = 0930;
				LastUpgradeCheck = 0930;
				ORGANIZATIONNAME = "Sanjeet Verma";
				TargetAttributes = {
					90C67D28211C6B91006A198F = {
						CreatedOnToolsVersion = 9.3;
					};
				};
			};
			buildConfigurationList = 90C67D24211C6B91006A198F /* Build configuration list for PBXProject "TextDetection" */;
			compatibilityVersion = "Xcode 9.3";
			developmentRegion = en;
			hasScannedForEncodings = 0;
			knownRegions = (
				en,
				Base,
			);
			mainGroup = 90C67D20211C6B91006A198F;
			productRefGroup = 90C67D2A211C6B91006A198F /* Products */;
			projectDirPath = "";
			projectRoot = "";
			targets = (
				90C67D28211C6B91006A198F /* TextDetection */,
			);
		};
/* End PBXProject section */

/* Begin PBXResourcesBuildPhase section */
		90C67D27211C6B91006A198F /* Resources */ = {
			isa = PBXResourcesBuildPhase;
			buildActionMask = 2147483647;
			files = (
				90C67D37211C6B93006A198F /* LaunchScreen.storyboard in Resources */,
				90C67D34211C6B93006A198F /* Assets.xcassets in Resources */,
				90C67D32211C6B91006A198F /* Main.storyboard in Resources */,
			);
			runOnlyForDeploymentPostprocessing = 0;
		};
/* End PBXResourcesBuildPhase section */

/* Begin PBXSourcesBuildPhase section */
		90C67D25211C6B91006A198F /* Sources */ = {
			isa = PBXSourcesBuildPhase;
			buildActionMask = 2147483647;
			files = (
				90C67D3F211C6BC7006A198F /* Textdetect_VC.swift in Sources */,
				90C67D2D211C6B91006A198F /* AppDelegate.swift in Sources */,
				90C67D41211C6C3D006A198F /* PreviewView.swift in Sources */,
			);
			runOnlyForDeploymentPostprocessing = 0;
		};
/* End PBXSourcesBuildPhase section */

/* Begin PBXVariantGroup section */
		90C67D30211C6B91006A198F /* Main.storyboard */ = {
			isa = PBXVariantGroup;
			children = (
				90C67D31211C6B91006A198F /* Base */,
			);
			name = Main.storyboard;
			sourceTree = "<group>";
		};
		90C67D35211C6B93006A198F /* LaunchScreen.storyboard */ = {
			isa = PBXVariantGroup;
			children = (
				90C67D36211C6B93006A198F /* Base */,
			);
			name = LaunchScreen.storyboard;
			sourceTree = "<group>";
		};
/* End PBXVariantGroup section */

/* Begin XCBuildConfiguration section */
		90C67D39211C6B93006A198F /* Debug */ = {
			isa = XCBuildConfiguration;
			buildSettings = {
				ALWAYS_SEARCH_USER_PATHS = NO;
				CLANG_ANALYZER_NONNULL = YES;
				CLANG_ANALYZER_NUMBER_OBJECT_CONVERSION = YES_AGGRESSIVE;
				CLANG_CXX_LANGUAGE_STANDARD = "gnu++14";
				CLANG_CXX_LIBRARY = "libc++";
				CLANG_ENABLE_MODULES = YES;
				CLANG_ENABLE_OBJC_ARC = YES;
				CLANG_ENABLE_OBJC_WEAK = YES;
				CLANG_WARN_BLOCK_CAPTURE_AUTORELEASING = YES;
				CLANG_WARN_BOOL_CONVERSION = YES;
				CLANG_WARN_COMMA = YES;
				CLANG_WARN_CONSTANT_CONVERSION = YES;
				CLANG_WARN_DEPRECATED_OBJC_IMPLEMENTATIONS = YES;
				CLANG_WARN_DIRECT_OBJC_ISA_USAGE = YES_ERROR;
				CLANG_WARN_DOCUMENTATION_COMMENTS = YES;
				CLANG_WARN_EMPTY_BODY = YES;
				CLANG_WARN_ENUM_CONVERSION = YES;
				CLANG_WARN_INFINITE_RECURSION = YES;
				CLANG_WARN_INT_CONVERSION = YES;
				CLANG_WARN_NON_LITERAL_NULL_CONVERSION = YES;
				CLANG_WARN_OBJC_IMPLICIT_RETAIN_SELF = YES;
				CLANG_WARN_OBJC_LITERAL_CONVERSION = YES;
				CLANG_WARN_OBJC_ROOT_CLASS = YES_ERROR;
				CLANG_WARN_RANGE_LOOP_ANALYSIS = YES;
				CLANG_WARN_STRICT_PROTOTYPES = YES;
				CLANG_WARN_SUSPICIOUS_MOVE = YES;
				CLANG_WARN_UNGUARDED_AVAILABILITY = YES_AGGRESSIVE;
				CLANG_WARN_UNREACHABLE_CODE = YES;
				CLANG_WARN__DUPLICATE_METHOD_MATCH = YES;
				CODE_SIGN_IDENTITY = "iPhone Developer";
				COPY_PHASE_STRIP = NO;
				DEBUG_INFORMATION_FORMAT = dwarf;
				ENABLE_STRICT_OBJC_MSGSEND = YES;
				ENABLE_TESTABILITY = YES;
				GCC_C_LANGUAGE_STANDARD = gnu11;
				GCC_DYNAMIC_NO_PIC = NO;
				GCC_NO_COMMON_BLOCKS = YES;
				GCC_OPTIMIZATION_LEVEL = 0;
				GCC_PREPROCESSOR_DEFINITIONS = (
					"DEBUG=1",
					"$(inherited)",
				);
				GCC_WARN_64_TO_32_BIT_CONVERSION = YES;
				GCC_WARN_ABOUT_RETURN_TYPE = YES_ERROR;
				GCC_WARN_UNDECLARED_SELECTOR = YES;
				GCC_WARN_UNINITIALIZED_AUTOS = YES_AGGRESSIVE;
				GCC_WARN_UNUSED_FUNCTION = YES;
				GCC_WARN_UNUSED_VARIABLE = YES;
				IPHONEOS_DEPLOYMENT_TARGET = 11.3;
				MTL_ENABLE_DEBUG_INFO = YES;
				ONLY_ACTIVE_ARCH = YES;
				SDKROOT = iphoneos;
				SWIFT_ACTIVE_COMPILATION_CONDITIONS = DEBUG;
				SWIFT_OPTIMIZATION_LEVEL = "-Onone";
			};
			name = Debug;
		};
		90C67D3A211C6B93006A198F /* Release */ = {
			isa = XCBuildConfiguration;
			buildSettings = {
				ALWAYS_SEARCH_USER_PATHS = NO;
				CLANG_ANALYZER_NONNULL = YES;
				CLANG_ANALYZER_NUMBER_OBJECT_CONVERSION = YES_AGGRESSIVE;
				CLANG_CXX_LANGUAGE_STANDARD = "gnu++14";
				CLANG_CXX_LIBRARY = "libc++";
				CLANG_ENABLE_MODULES = YES;
				CLANG_ENABLE_OBJC_ARC = YES;
				CLANG_ENABLE_OBJC_WEAK = YES;
				CLANG_WARN_BLOCK_CAPTURE_AUTORELEASING = YES;
				CLANG_WARN_BOOL_CONVERSION = YES;
				CLANG_WARN_COMMA = YES;
				CLANG_WARN_CONSTANT_CONVERSION = YES;
				CLANG_WARN_DEPRECATED_OBJC_IMPLEMENTATIONS = YES;
				CLANG_WARN_DIRECT_OBJC_ISA_USAGE = YES_ERROR;
				CLANG_WARN_DOCUMENTATION_COMMENTS = YES;
				CLANG_WARN_EMPTY_BODY = YES;
				CLANG_WARN_ENUM_CONVERSION = YES;
				CLANG_WARN_INFINITE_RECURSION = YES;
				CLANG_WARN_INT_CONVERSION = YES;
				CLANG_WARN_NON_LITERAL_NULL_CONVERSION = YES;
				CLANG_WARN_OBJC_IMPLICIT_RETAIN_SELF = YES;
				CLANG_WARN_OBJC_LITERAL_CONVERSION = YES;
				CLANG_WARN_OBJC_ROOT_CLASS = YES_ERROR;
				CLANG_WARN_RANGE_LOOP_ANALYSIS = YES;
				CLANG_WARN_STRICT_PROTOTYPES = YES;
				CLANG_WARN_SUSPICIOUS_MOVE = YES;
				CLANG_WARN_UNGUARDED_AVAILABILITY = YES_AGGRESSIVE;
				CLANG_WARN_UNREACHABLE_CODE = YES;
				CLANG_WARN__DUPLICATE_METHOD_MATCH = YES;
				CODE_SIGN_IDENTITY = "iPhone Developer";
				COPY_PHASE_STRIP = NO;
				DEBUG_INFORMATION_FORMAT = "dwarf-with-dsym";
				ENABLE_NS_ASSERTIONS = NO;
				ENABLE_STRICT_OBJC_MSGSEND = YES;
				GCC_C_LANGUAGE_STANDARD = gnu11;
				GCC_NO_COMMON_BLOCKS = YES;
				GCC_WARN_64_TO_32_BIT_CONVERSION = YES;
				GCC_WARN_ABOUT_RETURN_TYPE = YES_ERROR;
				GCC_WARN_UNDECLARED_SELECTOR = YES;
				GCC_WARN_UNINITIALIZED_AUTOS = YES_AGGRESSIVE;
				GCC_WARN_UNUSED_FUNCTION = YES;
				GCC_WARN_UNUSED_VARIABLE = YES;
				IPHONEOS_DEPLOYMENT_TARGET = 11.3;
				MTL_ENABLE_DEBUG_INFO = NO;
				SDKROOT = iphoneos;
				SWIFT_COMPILATION_MODE = wholemodule;
				SWIFT_OPTIMIZATION_LEVEL = "-O";
				VALIDATE_PRODUCT = YES;
			};
			name = Release;
		};
		90C67D3C211C6B93006A198F /* Debug */ = {
			isa = XCBuildConfiguration;
			buildSettings = {
				ASSETCATALOG_COMPILER_APPICON_NAME = AppIcon;
				CODE_SIGN_STYLE = Automatic;
				DEVELOPMENT_TEAM = 7ZDY2V8AH3;
				INFOPLIST_FILE = TextDetection/Info.plist;
				LD_RUNPATH_SEARCH_PATHS = (
					"$(inherited)",
					"@executable_path/Frameworks",
				);
				PRODUCT_BUNDLE_IDENTIFIER = com.acquaintsoft.test;
				PRODUCT_NAME = "$(TARGET_NAME)";
				SWIFT_VERSION = 4.0;
				TARGETED_DEVICE_FAMILY = "1,2";
			};
			name = Debug;
		};
		90C67D3D211C6B93006A198F /* Release */ = {
			isa = XCBuildConfiguration;
			buildSettings = {
				ASSETCATALOG_COMPILER_APPICON_NAME = AppIcon;
				CODE_SIGN_STYLE = Automatic;
				DEVELOPMENT_TEAM = 7ZDY2V8AH3;
				INFOPLIST_FILE = TextDetection/Info.plist;
				LD_RUNPATH_SEARCH_PATHS = (
					"$(inherited)",
					"@executable_path/Frameworks",
				);
				PRODUCT_BUNDLE_IDENTIFIER = com.acquaintsoft.test;
				PRODUCT_NAME = "$(TARGET_NAME)";
				SWIFT_VERSION = 4.0;
				TARGETED_DEVICE_FAMILY = "1,2";
			};
			name = Release;
		};
/* End XCBuildConfiguration section */

/* Begin XCConfigurationList section */
		90C67D24211C6B91006A198F /* Build configuration list for PBXProject "TextDetection" */ = {
			isa = XCConfigurationList;
			buildConfigurations = (
				90C67D39211C6B93006A198F /* Debug */,
				90C67D3A211C6B93006A198F /* Release */,
			);
			defaultConfigurationIsVisible = 0;
			defaultConfigurationName = Release;
		};
		90C67D3B211C6B93006A198F /* Build configuration list for PBXNativeTarget "TextDetection" */ = {
			isa = XCConfigurationList;
			buildConfigurations = (
				90C67D3C211C6B93006A198F /* Debug */,
				90C67D3D211C6B93006A198F /* Release */,
			);
			defaultConfigurationIsVisible = 0;
			defaultConfigurationName = Release;
		};
/* End XCConfigurationList section */
	};
	rootObject = 90C67D21211C6B91006A198F /* Project object */;
}
